
Microsoft Visual Studio Solution File, Format Version 12.00
# Visual Studio Version 17
VisualStudioVersion = 17.1.32210.238
MinimumVisualStudioVersion = 10.0.40219.1
Project("{FAE04EC0-301F-11D3-BF4B-00C04F79EFBC}") = "CookieRunKingdom", "CookieRunKingdom\CookieRunKingdom.csproj", "{70F62796-B144-4F02-886D-8217FDA82B52}"
EndProject
Global
	GlobalSection(SolutionConfigurationPlatforms) = preSolution
		Debug|Any CPU = Debug|Any CPU
		Release|Any CPU = Release|Any CPU
	EndGlobalSection
	GlobalSection(ProjectConfigurationPlatforms) = postSolution
		{70F62796-B144-4F02-886D-8217FDA82B52}.Debug|Any CPU.ActiveCfg = Debug|Any CPU
		{70F62796-B144-4F02-886D-8217FDA82B52}.Debug|Any CPU.Build.0 = Debug|Any CPU
		{70F62796-B144-4F02-886D-8217FDA82B52}.Release|Any CPU.ActiveCfg = Release|Any CPU
		{70F62796-B144-4F02-886D-8217FDA82B52}.Release|Any CPU.Build.0 = Release|Any CPU
	EndGlobalSection
	GlobalSection(SolutionProperties) = preSolution
		HideSolutionNode = FALSE
	EndGlobalSection
	GlobalSection(ExtensibilityGlobals) = postSolution
		SolutionGuid = {2A962830-B3E7-4D72-AC9D-8792103E6A79}
	EndGlobalSection
EndGlobal
